{
  "name": "randoma11y",
  "version": "1.0.0",
  "lockfileVersion": 3,
  "requires": true,
  "packages": {
    "": {
      "name": "randoma11y",
      "version": "1.0.0",
      "license": "MIT",
      "devDependencies": {
        "colorjs.io": "^0.6.1"
      },
      "engines": {
        "node": ">=14"
      }
    },
    "node_modules/colorjs.io": {
      "version": "0.6.1",
      "resolved": "https://registry.npmjs.org/colorjs.io/-/colorjs.io-0.6.1.tgz",
      "integrity": "sha512-8lyR2wHzuIykCpqHKgluGsqQi5iDm3/a2IgP2GBZrasn2sBRkE4NOGsglZxWLs/jZQoNkmA/KM/8NV16rLUdBg==",
      "dev": true,
      "license": "MIT",
      "funding": {
        "type": "opencollective",
        "url": "https://opencollective.com/color"
      }
    }
  }
}
